
Microsoft Visual Studio Solution File, Format Version 12.00
# Visual Studio Version 17
VisualStudioVersion = 17.6.33815.320
MinimumVisualStudioVersion = 10.0.40219.1
Project("{9A19103F-16F7-4668-BE54-9A1E7A4F7556}") = "SlotMachine", "src\SlotMachine.csproj", "{6B0C02F9-BC46-4DBD-9A63-94C89E2E9E0A}"
EndProject
Project("{9A19103F-16F7-4668-BE54-9A1E7A4F7556}") = "SlotMachineTests", "tests\SlotMachineTests.csproj", "{67117B79-0155-4D04-B13C-CEA3D031F3F0}"
EndProject
Project("{2150E333-8FDC-42A3-9474-1A3956D46DE8}") = "Media", "Media", "{3349509C-ED15-42C6-B018-018FECE19CC8}"
	ProjectSection(SolutionItems) = preProject
		media\chimes.wav = media\chimes.wav
		media\recycle.wav = media\recycle.wav
		media\Windows Notify Email.wav = media\Windows Notify Email.wav
		media\Windows Restore.wav = media\Windows Restore.wav
		media\Windows Ringin.wav = media\Windows Ringin.wav
		media\Windows Unlock.wav = media\Windows Unlock.wav
	EndProjectSection
EndProject
Global
	GlobalSection(SolutionConfigurationPlatforms) = preSolution
		Debug|Any CPU = Debug|Any CPU
		Release|Any CPU = Release|Any CPU
	EndGlobalSection
	GlobalSection(ProjectConfigurationPlatforms) = postSolution
		{6B0C02F9-BC46-4DBD-9A63-94C89E2E9E0A}.Debug|Any CPU.ActiveCfg = Debug|Any CPU
		{6B0C02F9-BC46-4DBD-9A63-94C89E2E9E0A}.Debug|Any CPU.Build.0 = Debug|Any CPU
		{6B0C02F9-BC46-4DBD-9A63-94C89E2E9E0A}.Release|Any CPU.ActiveCfg = Release|Any CPU
		{6B0C02F9-BC46-4DBD-9A63-94C89E2E9E0A}.Release|Any CPU.Build.0 = Release|Any CPU
		{67117B79-0155-4D04-B13C-CEA3D031F3F0}.Debug|Any CPU.ActiveCfg = Debug|Any CPU
		{67117B79-0155-4D04-B13C-CEA3D031F3F0}.Debug|Any CPU.Build.0 = Debug|Any CPU
		{67117B79-0155-4D04-B13C-CEA3D031F3F0}.Release|Any CPU.ActiveCfg = Release|Any CPU
		{67117B79-0155-4D04-B13C-CEA3D031F3F0}.Release|Any CPU.Build.0 = Release|Any CPU
	EndGlobalSection
	GlobalSection(SolutionProperties) = preSolution
		HideSolutionNode = FALSE
	EndGlobalSection
	GlobalSection(ExtensibilityGlobals) = postSolution
		SolutionGuid = {DE3F7B0C-7127-4517-AB51-59D36573233C}
	EndGlobalSection
EndGlobal
